
Microsoft Visual Studio Solution File, Format Version 12.00
# Visual Studio 15
VisualStudioVersion = 15.0.27703.2042
MinimumVisualStudioVersion = 10.0.40219.1
Project("{FAE04EC0-301F-11D3-BF4B-00C04F79EFBC}") = "WhereIsMyPhoto", "WhereIsMyPhoto\WhereIsMyPhoto.csproj", "{66933239-F63F-4508-AB98-AF09F8C615B2}"
EndProject
Project("{FAE04EC0-301F-11D3-BF4B-00C04F79EFBC}") = "WhereIsMyPhoto Sorter", "WhereIsMyPhoto Sorter\WhereIsMyPhoto Sorter.csproj", "{7CC7BFC3-BD01-4963-BF19-A83C1FF9EB5C}"
EndProject
Global
	GlobalSection(SolutionConfigurationPlatforms) = preSolution
		Debug|Any CPU = Debug|Any CPU
		Release|Any CPU = Release|Any CPU
	EndGlobalSection
	GlobalSection(ProjectConfigurationPlatforms) = postSolution
		{66933239-F63F-4508-AB98-AF09F8C615B2}.Debug|Any CPU.ActiveCfg = Debug|Any CPU
		{66933239-F63F-4508-AB98-AF09F8C615B2}.Debug|Any CPU.Build.0 = Debug|Any CPU
		{66933239-F63F-4508-AB98-AF09F8C615B2}.Release|Any CPU.ActiveCfg = Release|Any CPU
		{66933239-F63F-4508-AB98-AF09F8C615B2}.Release|Any CPU.Build.0 = Release|Any CPU
		{7CC7BFC3-BD01-4963-BF19-A83C1FF9EB5C}.Debug|Any CPU.ActiveCfg = Debug|Any CPU
		{7CC7BFC3-BD01-4963-BF19-A83C1FF9EB5C}.Debug|Any CPU.Build.0 = Debug|Any CPU
		{7CC7BFC3-BD01-4963-BF19-A83C1FF9EB5C}.Release|Any CPU.ActiveCfg = Release|Any CPU
		{7CC7BFC3-BD01-4963-BF19-A83C1FF9EB5C}.Release|Any CPU.Build.0 = Release|Any CPU
	EndGlobalSection
	GlobalSection(SolutionProperties) = preSolution
		HideSolutionNode = FALSE
	EndGlobalSection
	GlobalSection(ExtensibilityGlobals) = postSolution
		SolutionGuid = {A0EA39F5-C6FA-4AB4-BD58-A9855EB3FB69}
	EndGlobalSection
EndGlobal
